
Microsoft Visual Studio Solution File, Format Version 12.00
# Visual Studio Version 17
VisualStudioVersion = 17.5.33516.290
MinimumVisualStudioVersion = 10.0.40219.1
Project("{9A19103F-16F7-4668-BE54-9A1E7A4F7556}") = "Elevator.Simulator", "Elevator.Simulator\Elevator.Simulator.csproj", "{C185B021-D605-4443-8F6D-D2B7BA554E4E}"
EndProject
Project("{9A19103F-16F7-4668-BE54-9A1E7A4F7556}") = "Elevator.Engine", "Elevator.Engine\Elevator.Engine.csproj", "{641D1EC4-08A0-40D2-A6BC-05635934C59C}"
EndProject
Project("{9A19103F-16F7-4668-BE54-9A1E7A4F7556}") = "ElevatorChallege.UnitTests", "Elevator.UnitTests\ElevatorChallege.UnitTests.csproj", "{1AA1B015-03F4-4612-B131-4256B9DCE052}"
EndProject
Global
	GlobalSection(SolutionConfigurationPlatforms) = preSolution
		Debug|Any CPU = Debug|Any CPU
		Debug|ARM = Debug|ARM
		Debug|ARM64 = Debug|ARM64
		Debug|x64 = Debug|x64
		Debug|x86 = Debug|x86
		Release|Any CPU = Release|Any CPU
		Release|ARM = Release|ARM
		Release|ARM64 = Release|ARM64
		Release|x64 = Release|x64
		Release|x86 = Release|x86
	EndGlobalSection
	GlobalSection(ProjectConfigurationPlatforms) = postSolution
		{C185B021-D605-4443-8F6D-D2B7BA554E4E}.Debug|Any CPU.ActiveCfg = Debug|Any CPU
		{C185B021-D605-4443-8F6D-D2B7BA554E4E}.Debug|Any CPU.Build.0 = Debug|Any CPU
		{C185B021-D605-4443-8F6D-D2B7BA554E4E}.Debug|ARM.ActiveCfg = Debug|Any CPU
		{C185B021-D605-4443-8F6D-D2B7BA554E4E}.Debug|ARM.Build.0 = Debug|Any CPU
		{C185B021-D605-4443-8F6D-D2B7BA554E4E}.Debug|ARM64.ActiveCfg = Debug|Any CPU
		{C185B021-D605-4443-8F6D-D2B7BA554E4E}.Debug|ARM64.Build.0 = Debug|Any CPU
		{C185B021-D605-4443-8F6D-D2B7BA554E4E}.Debug|x64.ActiveCfg = Debug|Any CPU
		{C185B021-D605-4443-8F6D-D2B7BA554E4E}.Debug|x64.Build.0 = Debug|Any CPU
		{C185B021-D605-4443-8F6D-D2B7BA554E4E}.Debug|x86.ActiveCfg = Debug|Any CPU
		{C185B021-D605-4443-8F6D-D2B7BA554E4E}.Debug|x86.Build.0 = Debug|Any CPU
		{C185B021-D605-4443-8F6D-D2B7BA554E4E}.Release|Any CPU.ActiveCfg = Release|Any CPU
		{C185B021-D605-4443-8F6D-D2B7BA554E4E}.Release|Any CPU.Build.0 = Release|Any CPU
		{C185B021-D605-4443-8F6D-D2B7BA554E4E}.Release|ARM.ActiveCfg = Release|Any CPU
		{C185B021-D605-4443-8F6D-D2B7BA554E4E}.Release|ARM.Build.0 = Release|Any CPU
		{C185B021-D605-4443-8F6D-D2B7BA554E4E}.Release|ARM64.ActiveCfg = Release|Any CPU
		{C185B021-D605-4443-8F6D-D2B7BA554E4E}.Release|ARM64.Build.0 = Release|Any CPU
		{C185B021-D605-4443-8F6D-D2B7BA554E4E}.Release|x64.ActiveCfg = Release|Any CPU
		{C185B021-D605-4443-8F6D-D2B7BA554E4E}.Release|x64.Build.0 = Release|Any CPU
		{C185B021-D605-4443-8F6D-D2B7BA554E4E}.Release|x86.ActiveCfg = Release|Any CPU
		{C185B021-D605-4443-8F6D-D2B7BA554E4E}.Release|x86.Build.0 = Release|Any CPU
		{641D1EC4-08A0-40D2-A6BC-05635934C59C}.Debug|Any CPU.ActiveCfg = Debug|Any CPU
		{641D1EC4-08A0-40D2-A6BC-05635934C59C}.Debug|Any CPU.Build.0 = Debug|Any CPU
		{641D1EC4-08A0-40D2-A6BC-05635934C59C}.Debug|ARM.ActiveCfg = Debug|Any CPU
		{641D1EC4-08A0-40D2-A6BC-05635934C59C}.Debug|ARM.Build.0 = Debug|Any CPU
		{641D1EC4-08A0-40D2-A6BC-05635934C59C}.Debug|ARM64.ActiveCfg = Debug|Any CPU
		{641D1EC4-08A0-40D2-A6BC-05635934C59C}.Debug|ARM64.Build.0 = Debug|Any CPU
		{641D1EC4-08A0-40D2-A6BC-05635934C59C}.Debug|x64.ActiveCfg = Debug|Any CPU
		{641D1EC4-08A0-40D2-A6BC-05635934C59C}.Debug|x64.Build.0 = Debug|Any CPU
		{641D1EC4-08A0-40D2-A6BC-05635934C59C}.Debug|x86.ActiveCfg = Debug|Any CPU
		{641D1EC4-08A0-40D2-A6BC-05635934C59C}.Debug|x86.Build.0 = Debug|Any CPU
		{641D1EC4-08A0-40D2-A6BC-05635934C59C}.Release|Any CPU.ActiveCfg = Release|Any CPU
		{641D1EC4-08A0-40D2-A6BC-05635934C59C}.Release|Any CPU.Build.0 = Release|Any CPU
		{641D1EC4-08A0-40D2-A6BC-05635934C59C}.Release|ARM.ActiveCfg = Release|Any CPU
		{641D1EC4-08A0-40D2-A6BC-05635934C59C}.Release|ARM.Build.0 = Release|Any CPU
		{641D1EC4-08A0-40D2-A6BC-05635934C59C}.Release|ARM64.ActiveCfg = Release|Any CPU
		{641D1EC4-08A0-40D2-A6BC-05635934C59C}.Release|ARM64.Build.0 = Release|Any CPU
		{641D1EC4-08A0-40D2-A6BC-05635934C59C}.Release|x64.ActiveCfg = Release|Any CPU
		{641D1EC4-08A0-40D2-A6BC-05635934C59C}.Release|x64.Build.0 = Release|Any CPU
		{641D1EC4-08A0-40D2-A6BC-05635934C59C}.Release|x86.ActiveCfg = Release|Any CPU
		{641D1EC4-08A0-40D2-A6BC-05635934C59C}.Release|x86.Build.0 = Release|Any CPU
		{1AA1B015-03F4-4612-B131-4256B9DCE052}.Debug|Any CPU.ActiveCfg = Debug|Any CPU
		{1AA1B015-03F4-4612-B131-4256B9DCE052}.Debug|Any CPU.Build.0 = Debug|Any CPU
		{1AA1B015-03F4-4612-B131-4256B9DCE052}.Debug|ARM.ActiveCfg = Debug|Any CPU
		{1AA1B015-03F4-4612-B131-4256B9DCE052}.Debug|ARM.Build.0 = Debug|Any CPU
		{1AA1B015-03F4-4612-B131-4256B9DCE052}.Debug|ARM64.ActiveCfg = Debug|Any CPU
		{1AA1B015-03F4-4612-B131-4256B9DCE052}.Debug|ARM64.Build.0 = Debug|Any CPU
		{1AA1B015-03F4-4612-B131-4256B9DCE052}.Debug|x64.ActiveCfg = Debug|Any CPU
		{1AA1B015-03F4-4612-B131-4256B9DCE052}.Debug|x64.Build.0 = Debug|Any CPU
		{1AA1B015-03F4-4612-B131-4256B9DCE052}.Debug|x86.ActiveCfg = Debug|Any CPU
		{1AA1B015-03F4-4612-B131-4256B9DCE052}.Debug|x86.Build.0 = Debug|Any CPU
		{1AA1B015-03F4-4612-B131-4256B9DCE052}.Release|Any CPU.ActiveCfg = Release|Any CPU
		{1AA1B015-03F4-4612-B131-4256B9DCE052}.Release|Any CPU.Build.0 = Release|Any CPU
		{1AA1B015-03F4-4612-B131-4256B9DCE052}.Release|ARM.ActiveCfg = Release|Any CPU
		{1AA1B015-03F4-4612-B131-4256B9DCE052}.Release|ARM.Build.0 = Release|Any CPU
		{1AA1B015-03F4-4612-B131-4256B9DCE052}.Release|ARM64.ActiveCfg = Release|Any CPU
		{1AA1B015-03F4-4612-B131-4256B9DCE052}.Release|ARM64.Build.0 = Release|Any CPU
		{1AA1B015-03F4-4612-B131-4256B9DCE052}.Release|x64.ActiveCfg = Release|Any CPU
		{1AA1B015-03F4-4612-B131-4256B9DCE052}.Release|x64.Build.0 = Release|Any CPU
		{1AA1B015-03F4-4612-B131-4256B9DCE052}.Release|x86.ActiveCfg = Release|Any CPU
		{1AA1B015-03F4-4612-B131-4256B9DCE052}.Release|x86.Build.0 = Release|Any CPU
	EndGlobalSection
	GlobalSection(SolutionProperties) = preSolution
		HideSolutionNode = FALSE
	EndGlobalSection
	GlobalSection(ExtensibilityGlobals) = postSolution
		SolutionGuid = {2BDD22BD-E5FF-434A-801D-F06A20C847E3}
	EndGlobalSection
EndGlobal
